PODS:
  - LWPopupViewController (0.2.4):
    - Masonry
  - Masonry (1.1.0)

DEPENDENCIES:
  - LWPopupViewController (from `../`)

SPEC REPOS:
  trunk:
    - Masonry

EXTERNAL SOURCES:
  LWPopupViewController:
    :path: "../"

SPEC CHECKSUMS:
  LWPopupViewController: d4ffb5d2ca48d6d94b672d17ff240b3ebdbc31f3
  Masonry: 678fab65091a9290e40e2832a55e7ab731aad201

PODFILE CHECKSUM: 7f5a24a154528c7f99072cbd14e063ceb14ea80e

COCOAPODS: 1.9.3
